
Microsoft Visual Studio Solution File, Format Version 12.00
# Visual Studio 2013
VisualStudioVersion = 12.0.40629.0
MinimumVisualStudioVersion = 10.0.40219.1
Project("{FAE04EC0-301F-11D3-BF4B-00C04F79EFBC}") = "MythicalNumbers", "MythicalNumbers\MythicalNumbers.csproj", "{04715774-336D-43A1-9177-F86EF127CDE3}"
EndProject
Project("{FAE04EC0-301F-11D3-BF4B-00C04F79EFBC}") = "JumpJump", "JumpJump\JumpJump.csproj", "{4DF9680D-A1BD-4D17-A23D-3C979708A5D6}"
EndProject
Project("{FAE04EC0-301F-11D3-BF4B-00C04F79EFBC}") = "HiddenMessage", "HiddenMessage\HiddenMessage.csproj", "{EDE2004C-F45F-4F11-8D1F-1F7A07A0F48F}"
EndProject
Project("{FAE04EC0-301F-11D3-BF4B-00C04F79EFBC}") = "MixingNumbers", "MixingNumbers\MixingNumbers.csproj", "{7E5F2148-226E-4DB2-9E73-8A519D9B2489}"
EndProject
Global
	GlobalSection(SolutionConfigurationPlatforms) = preSolution
		Debug|Any CPU = Debug|Any CPU
		Release|Any CPU = Release|Any CPU
	EndGlobalSection
	GlobalSection(ProjectConfigurationPlatforms) = postSolution
		{04715774-336D-43A1-9177-F86EF127CDE3}.Debug|Any CPU.ActiveCfg = Debug|Any CPU
		{04715774-336D-43A1-9177-F86EF127CDE3}.Debug|Any CPU.Build.0 = Debug|Any CPU
		{04715774-336D-43A1-9177-F86EF127CDE3}.Release|Any CPU.ActiveCfg = Release|Any CPU
		{04715774-336D-43A1-9177-F86EF127CDE3}.Release|Any CPU.Build.0 = Release|Any CPU
		{4DF9680D-A1BD-4D17-A23D-3C979708A5D6}.Debug|Any CPU.ActiveCfg = Debug|Any CPU
		{4DF9680D-A1BD-4D17-A23D-3C979708A5D6}.Debug|Any CPU.Build.0 = Debug|Any CPU
		{4DF9680D-A1BD-4D17-A23D-3C979708A5D6}.Release|Any CPU.ActiveCfg = Release|Any CPU
		{4DF9680D-A1BD-4D17-A23D-3C979708A5D6}.Release|Any CPU.Build.0 = Release|Any CPU
		{EDE2004C-F45F-4F11-8D1F-1F7A07A0F48F}.Debug|Any CPU.ActiveCfg = Debug|Any CPU
		{EDE2004C-F45F-4F11-8D1F-1F7A07A0F48F}.Debug|Any CPU.Build.0 = Debug|Any CPU
		{EDE2004C-F45F-4F11-8D1F-1F7A07A0F48F}.Release|Any CPU.ActiveCfg = Release|Any CPU
		{EDE2004C-F45F-4F11-8D1F-1F7A07A0F48F}.Release|Any CPU.Build.0 = Release|Any CPU
		{7E5F2148-226E-4DB2-9E73-8A519D9B2489}.Debug|Any CPU.ActiveCfg = Debug|Any CPU
		{7E5F2148-226E-4DB2-9E73-8A519D9B2489}.Debug|Any CPU.Build.0 = Debug|Any CPU
		{7E5F2148-226E-4DB2-9E73-8A519D9B2489}.Release|Any CPU.ActiveCfg = Release|Any CPU
		{7E5F2148-226E-4DB2-9E73-8A519D9B2489}.Release|Any CPU.Build.0 = Release|Any CPU
	EndGlobalSection
	GlobalSection(SolutionProperties) = preSolution
		HideSolutionNode = FALSE
	EndGlobalSection
EndGlobal
