
Microsoft Visual Studio Solution File, Format Version 12.00
# Visual Studio 14
VisualStudioVersion = 14.0.25420.1
MinimumVisualStudioVersion = 10.0.40219.1
Project("{FAE04EC0-301F-11D3-BF4B-00C04F79EFBC}") = "TestExtensions", "TestExtensions\TestExtensions.csproj", "{857A6C61-B8C5-4257-8A5A-0A204B3D41EB}"
EndProject
Project("{FAE04EC0-301F-11D3-BF4B-00C04F79EFBC}") = "TestLINQ", "TestLINQ\TestLINQ.csproj", "{B9BDA56F-B37E-420D-9CC4-176523A1580B}"
EndProject
Project("{FAE04EC0-301F-11D3-BF4B-00C04F79EFBC}") = "DivisibleBy7And3", "DivisibleBy7And3\DivisibleBy7And3.csproj", "{F84C0523-1339-47BF-B592-F4F4358A8FFA}"
EndProject
Project("{FAE04EC0-301F-11D3-BF4B-00C04F79EFBC}") = "Chronometer", "Chronometer\Chronometer.csproj", "{11FCC002-31FA-4473-98CB-62589691571E}"
EndProject
Project("{2150E333-8FDC-42A3-9474-1A3956D46DE8}") = "Problem 1,2", "Problem 1,2", "{B1E9D262-61A2-4BBD-A289-B73C240BCD15}"
EndProject
Project("{2150E333-8FDC-42A3-9474-1A3956D46DE8}") = "Problem 3,4,5", "Problem 3,4,5", "{F6A59AC9-B48E-45BC-B971-94458182F25A}"
EndProject
Project("{2150E333-8FDC-42A3-9474-1A3956D46DE8}") = "Problem 6", "Problem 6", "{53016045-33B4-441B-8FBD-7435615B742A}"
EndProject
Project("{2150E333-8FDC-42A3-9474-1A3956D46DE8}") = "Problem 7", "Problem 7", "{2BD4459C-7FD3-44FC-852B-17B993305DC1}"
EndProject
Project("{FAE04EC0-301F-11D3-BF4B-00C04F79EFBC}") = "StudentLib", "Student\StudentLib.csproj", "{D911BFB4-3687-4330-86CE-07D8EE915568}"
EndProject
Project("{FAE04EC0-301F-11D3-BF4B-00C04F79EFBC}") = "ProcessStudents", "ProcessStudents\ProcessStudents.csproj", "{990CF80A-1F26-4D06-8309-EBD554D38C66}"
EndProject
Project("{FAE04EC0-301F-11D3-BF4B-00C04F79EFBC}") = "GroupLib", "Group\GroupLib.csproj", "{C42D76BA-3726-4481-A807-F3E40D1A1D9B}"
EndProject
Project("{2150E333-8FDC-42A3-9474-1A3956D46DE8}") = "Problem 9,10,11,12,13,14,15,16,18,19", "Problem 9,10,11,12,13,14,15,16,18,19", "{267EAB3E-6BD3-4035-BBC6-73E116345BDF}"
EndProject
Project("{FAE04EC0-301F-11D3-BF4B-00C04F79EFBC}") = "Problem17", "Problem17\Problem17.csproj", "{CD41A303-0721-40D6-A04C-656B5C8134B8}"
EndProject
Global
	GlobalSection(SolutionConfigurationPlatforms) = preSolution
		Debug|Any CPU = Debug|Any CPU
		Release|Any CPU = Release|Any CPU
	EndGlobalSection
	GlobalSection(ProjectConfigurationPlatforms) = postSolution
		{857A6C61-B8C5-4257-8A5A-0A204B3D41EB}.Debug|Any CPU.ActiveCfg = Debug|Any CPU
		{857A6C61-B8C5-4257-8A5A-0A204B3D41EB}.Debug|Any CPU.Build.0 = Debug|Any CPU
		{857A6C61-B8C5-4257-8A5A-0A204B3D41EB}.Release|Any CPU.ActiveCfg = Release|Any CPU
		{857A6C61-B8C5-4257-8A5A-0A204B3D41EB}.Release|Any CPU.Build.0 = Release|Any CPU
		{B9BDA56F-B37E-420D-9CC4-176523A1580B}.Debug|Any CPU.ActiveCfg = Debug|Any CPU
		{B9BDA56F-B37E-420D-9CC4-176523A1580B}.Debug|Any CPU.Build.0 = Debug|Any CPU
		{B9BDA56F-B37E-420D-9CC4-176523A1580B}.Release|Any CPU.ActiveCfg = Release|Any CPU
		{B9BDA56F-B37E-420D-9CC4-176523A1580B}.Release|Any CPU.Build.0 = Release|Any CPU
		{F84C0523-1339-47BF-B592-F4F4358A8FFA}.Debug|Any CPU.ActiveCfg = Debug|Any CPU
		{F84C0523-1339-47BF-B592-F4F4358A8FFA}.Debug|Any CPU.Build.0 = Debug|Any CPU
		{F84C0523-1339-47BF-B592-F4F4358A8FFA}.Release|Any CPU.ActiveCfg = Release|Any CPU
		{F84C0523-1339-47BF-B592-F4F4358A8FFA}.Release|Any CPU.Build.0 = Release|Any CPU
		{11FCC002-31FA-4473-98CB-62589691571E}.Debug|Any CPU.ActiveCfg = Debug|Any CPU
		{11FCC002-31FA-4473-98CB-62589691571E}.Debug|Any CPU.Build.0 = Debug|Any CPU
		{11FCC002-31FA-4473-98CB-62589691571E}.Release|Any CPU.ActiveCfg = Release|Any CPU
		{11FCC002-31FA-4473-98CB-62589691571E}.Release|Any CPU.Build.0 = Release|Any CPU
		{D911BFB4-3687-4330-86CE-07D8EE915568}.Debug|Any CPU.ActiveCfg = Debug|Any CPU
		{D911BFB4-3687-4330-86CE-07D8EE915568}.Debug|Any CPU.Build.0 = Debug|Any CPU
		{D911BFB4-3687-4330-86CE-07D8EE915568}.Release|Any CPU.ActiveCfg = Release|Any CPU
		{D911BFB4-3687-4330-86CE-07D8EE915568}.Release|Any CPU.Build.0 = Release|Any CPU
		{990CF80A-1F26-4D06-8309-EBD554D38C66}.Debug|Any CPU.ActiveCfg = Debug|Any CPU
		{990CF80A-1F26-4D06-8309-EBD554D38C66}.Debug|Any CPU.Build.0 = Debug|Any CPU
		{990CF80A-1F26-4D06-8309-EBD554D38C66}.Release|Any CPU.ActiveCfg = Release|Any CPU
		{990CF80A-1F26-4D06-8309-EBD554D38C66}.Release|Any CPU.Build.0 = Release|Any CPU
		{C42D76BA-3726-4481-A807-F3E40D1A1D9B}.Debug|Any CPU.ActiveCfg = Debug|Any CPU
		{C42D76BA-3726-4481-A807-F3E40D1A1D9B}.Debug|Any CPU.Build.0 = Debug|Any CPU
		{C42D76BA-3726-4481-A807-F3E40D1A1D9B}.Release|Any CPU.ActiveCfg = Release|Any CPU
		{C42D76BA-3726-4481-A807-F3E40D1A1D9B}.Release|Any CPU.Build.0 = Release|Any CPU
		{CD41A303-0721-40D6-A04C-656B5C8134B8}.Debug|Any CPU.ActiveCfg = Debug|Any CPU
		{CD41A303-0721-40D6-A04C-656B5C8134B8}.Debug|Any CPU.Build.0 = Debug|Any CPU
		{CD41A303-0721-40D6-A04C-656B5C8134B8}.Release|Any CPU.ActiveCfg = Release|Any CPU
		{CD41A303-0721-40D6-A04C-656B5C8134B8}.Release|Any CPU.Build.0 = Release|Any CPU
	EndGlobalSection
	GlobalSection(SolutionProperties) = preSolution
		HideSolutionNode = FALSE
	EndGlobalSection
	GlobalSection(NestedProjects) = preSolution
		{857A6C61-B8C5-4257-8A5A-0A204B3D41EB} = {B1E9D262-61A2-4BBD-A289-B73C240BCD15}
		{B9BDA56F-B37E-420D-9CC4-176523A1580B} = {F6A59AC9-B48E-45BC-B971-94458182F25A}
		{F84C0523-1339-47BF-B592-F4F4358A8FFA} = {53016045-33B4-441B-8FBD-7435615B742A}
		{11FCC002-31FA-4473-98CB-62589691571E} = {2BD4459C-7FD3-44FC-852B-17B993305DC1}
		{990CF80A-1F26-4D06-8309-EBD554D38C66} = {267EAB3E-6BD3-4035-BBC6-73E116345BDF}
	EndGlobalSection
EndGlobal
