
Microsoft Visual Studio Solution File, Format Version 12.00
# Visual Studio 14
VisualStudioVersion = 14.0.25420.1
MinimumVisualStudioVersion = 10.0.40219.1
Project("{FAE04EC0-301F-11D3-BF4B-00C04F79EFBC}") = "Tree", "Tree\Tree.csproj", "{3946E292-FA84-473F-9017-E57887832FC2}"
EndProject
Project("{FAE04EC0-301F-11D3-BF4B-00C04F79EFBC}") = "Heap", "Heap\Heap.csproj", "{71528A43-999B-4827-8A5E-DAA66206029F}"
EndProject
Global
	GlobalSection(SolutionConfigurationPlatforms) = preSolution
		Debug|Any CPU = Debug|Any CPU
		Release|Any CPU = Release|Any CPU
	EndGlobalSection
	GlobalSection(ProjectConfigurationPlatforms) = postSolution
		{3946E292-FA84-473F-9017-E57887832FC2}.Debug|Any CPU.ActiveCfg = Debug|Any CPU
		{3946E292-FA84-473F-9017-E57887832FC2}.Debug|Any CPU.Build.0 = Debug|Any CPU
		{3946E292-FA84-473F-9017-E57887832FC2}.Release|Any CPU.ActiveCfg = Release|Any CPU
		{3946E292-FA84-473F-9017-E57887832FC2}.Release|Any CPU.Build.0 = Release|Any CPU
		{71528A43-999B-4827-8A5E-DAA66206029F}.Debug|Any CPU.ActiveCfg = Debug|Any CPU
		{71528A43-999B-4827-8A5E-DAA66206029F}.Debug|Any CPU.Build.0 = Debug|Any CPU
		{71528A43-999B-4827-8A5E-DAA66206029F}.Release|Any CPU.ActiveCfg = Release|Any CPU
		{71528A43-999B-4827-8A5E-DAA66206029F}.Release|Any CPU.Build.0 = Release|Any CPU
	EndGlobalSection
	GlobalSection(SolutionProperties) = preSolution
		HideSolutionNode = FALSE
	EndGlobalSection
EndGlobal
