
Microsoft Visual Studio Solution File, Format Version 12.00
# Visual Studio 14
VisualStudioVersion = 14.0.25420.1
MinimumVisualStudioVersion = 10.0.40219.1
Project("{FAE04EC0-301F-11D3-BF4B-00C04F79EFBC}") = "Animals", "Animals\Animals.csproj", "{A016C2D2-BFDE-4B33-B921-7AEAEEC6BCF1}"
EndProject
Project("{FAE04EC0-301F-11D3-BF4B-00C04F79EFBC}") = "CalculationProblem", "CalculationProblem\CalculationProblem.csproj", "{4AE0F449-3568-48E5-8217-9A837717E5ED}"
EndProject
Global
	GlobalSection(SolutionConfigurationPlatforms) = preSolution
		Debug|Any CPU = Debug|Any CPU
		Release|Any CPU = Release|Any CPU
	EndGlobalSection
	GlobalSection(ProjectConfigurationPlatforms) = postSolution
		{A016C2D2-BFDE-4B33-B921-7AEAEEC6BCF1}.Debug|Any CPU.ActiveCfg = Debug|Any CPU
		{A016C2D2-BFDE-4B33-B921-7AEAEEC6BCF1}.Debug|Any CPU.Build.0 = Debug|Any CPU
		{A016C2D2-BFDE-4B33-B921-7AEAEEC6BCF1}.Release|Any CPU.ActiveCfg = Release|Any CPU
		{A016C2D2-BFDE-4B33-B921-7AEAEEC6BCF1}.Release|Any CPU.Build.0 = Release|Any CPU
		{4AE0F449-3568-48E5-8217-9A837717E5ED}.Debug|Any CPU.ActiveCfg = Debug|Any CPU
		{4AE0F449-3568-48E5-8217-9A837717E5ED}.Debug|Any CPU.Build.0 = Debug|Any CPU
		{4AE0F449-3568-48E5-8217-9A837717E5ED}.Release|Any CPU.ActiveCfg = Release|Any CPU
		{4AE0F449-3568-48E5-8217-9A837717E5ED}.Release|Any CPU.Build.0 = Release|Any CPU
	EndGlobalSection
	GlobalSection(SolutionProperties) = preSolution
		HideSolutionNode = FALSE
	EndGlobalSection
EndGlobal
