
Microsoft Visual Studio Solution File, Format Version 12.00
# Visual Studio 2013
VisualStudioVersion = 12.0.40629.0
MinimumVisualStudioVersion = 10.0.40219.1
Project("{FAE04EC0-301F-11D3-BF4B-00C04F79EFBC}") = "MutantSquirrels", "MutantSquirrels\MutantSquirrels.csproj", "{C911DB56-6878-4318-8F83-7FCE7FFB1663}"
EndProject
Project("{FAE04EC0-301F-11D3-BF4B-00C04F79EFBC}") = "Speeds", "Speeds\Speeds.csproj", "{F8E85796-1C4E-4D8D-B38D-923AFB932FDD}"
EndProject
Project("{FAE04EC0-301F-11D3-BF4B-00C04F79EFBC}") = "SumOfEvenDivisors", "SumOfEvenDivisors\SumOfEvenDivisors.csproj", "{9FA372CC-77A4-499D-B030-D89D71AD111A}"
EndProject
Project("{FAE04EC0-301F-11D3-BF4B-00C04F79EFBC}") = "Conductors", "Conductors\Conductors.csproj", "{BCB31A4A-317F-42E6-B9A5-88F6894AF403}"
EndProject
Project("{FAE04EC0-301F-11D3-BF4B-00C04F79EFBC}") = "MalkoKote", "MalkoKote\MalkoKote.csproj", "{0BB6E7CF-AF30-4875-9595-885C5B43B17C}"
EndProject
Global
	GlobalSection(SolutionConfigurationPlatforms) = preSolution
		Debug|Any CPU = Debug|Any CPU
		Release|Any CPU = Release|Any CPU
	EndGlobalSection
	GlobalSection(ProjectConfigurationPlatforms) = postSolution
		{C911DB56-6878-4318-8F83-7FCE7FFB1663}.Debug|Any CPU.ActiveCfg = Debug|Any CPU
		{C911DB56-6878-4318-8F83-7FCE7FFB1663}.Debug|Any CPU.Build.0 = Debug|Any CPU
		{C911DB56-6878-4318-8F83-7FCE7FFB1663}.Release|Any CPU.ActiveCfg = Release|Any CPU
		{C911DB56-6878-4318-8F83-7FCE7FFB1663}.Release|Any CPU.Build.0 = Release|Any CPU
		{F8E85796-1C4E-4D8D-B38D-923AFB932FDD}.Debug|Any CPU.ActiveCfg = Debug|Any CPU
		{F8E85796-1C4E-4D8D-B38D-923AFB932FDD}.Debug|Any CPU.Build.0 = Debug|Any CPU
		{F8E85796-1C4E-4D8D-B38D-923AFB932FDD}.Release|Any CPU.ActiveCfg = Release|Any CPU
		{F8E85796-1C4E-4D8D-B38D-923AFB932FDD}.Release|Any CPU.Build.0 = Release|Any CPU
		{9FA372CC-77A4-499D-B030-D89D71AD111A}.Debug|Any CPU.ActiveCfg = Debug|Any CPU
		{9FA372CC-77A4-499D-B030-D89D71AD111A}.Debug|Any CPU.Build.0 = Debug|Any CPU
		{9FA372CC-77A4-499D-B030-D89D71AD111A}.Release|Any CPU.ActiveCfg = Release|Any CPU
		{9FA372CC-77A4-499D-B030-D89D71AD111A}.Release|Any CPU.Build.0 = Release|Any CPU
		{BCB31A4A-317F-42E6-B9A5-88F6894AF403}.Debug|Any CPU.ActiveCfg = Debug|Any CPU
		{BCB31A4A-317F-42E6-B9A5-88F6894AF403}.Debug|Any CPU.Build.0 = Debug|Any CPU
		{BCB31A4A-317F-42E6-B9A5-88F6894AF403}.Release|Any CPU.ActiveCfg = Release|Any CPU
		{BCB31A4A-317F-42E6-B9A5-88F6894AF403}.Release|Any CPU.Build.0 = Release|Any CPU
		{0BB6E7CF-AF30-4875-9595-885C5B43B17C}.Debug|Any CPU.ActiveCfg = Debug|Any CPU
		{0BB6E7CF-AF30-4875-9595-885C5B43B17C}.Debug|Any CPU.Build.0 = Debug|Any CPU
		{0BB6E7CF-AF30-4875-9595-885C5B43B17C}.Release|Any CPU.ActiveCfg = Release|Any CPU
		{0BB6E7CF-AF30-4875-9595-885C5B43B17C}.Release|Any CPU.Build.0 = Release|Any CPU
	EndGlobalSection
	GlobalSection(SolutionProperties) = preSolution
		HideSolutionNode = FALSE
	EndGlobalSection
EndGlobal
