
Microsoft Visual Studio Solution File, Format Version 12.00
# Visual Studio 14
VisualStudioVersion = 14.0.25420.1
MinimumVisualStudioVersion = 10.0.40219.1
Project("{FAE04EC0-301F-11D3-BF4B-00C04F79EFBC}") = "TheTwoTowers", "TheTwoTowers\TheTwoTowers.csproj", "{6126BA5B-8486-4D33-9D53-F08D9F9B330B}"
EndProject
Project("{FAE04EC0-301F-11D3-BF4B-00C04F79EFBC}") = "ColorLines", "ColorLines\ColorLines.csproj", "{9322A703-2FD5-45CE-899E-6BCEF578BB9B}"
EndProject
Global
	GlobalSection(SolutionConfigurationPlatforms) = preSolution
		Debug|Any CPU = Debug|Any CPU
		Release|Any CPU = Release|Any CPU
	EndGlobalSection
	GlobalSection(ProjectConfigurationPlatforms) = postSolution
		{6126BA5B-8486-4D33-9D53-F08D9F9B330B}.Debug|Any CPU.ActiveCfg = Debug|Any CPU
		{6126BA5B-8486-4D33-9D53-F08D9F9B330B}.Debug|Any CPU.Build.0 = Debug|Any CPU
		{6126BA5B-8486-4D33-9D53-F08D9F9B330B}.Release|Any CPU.ActiveCfg = Release|Any CPU
		{6126BA5B-8486-4D33-9D53-F08D9F9B330B}.Release|Any CPU.Build.0 = Release|Any CPU
		{9322A703-2FD5-45CE-899E-6BCEF578BB9B}.Debug|Any CPU.ActiveCfg = Debug|Any CPU
		{9322A703-2FD5-45CE-899E-6BCEF578BB9B}.Debug|Any CPU.Build.0 = Debug|Any CPU
		{9322A703-2FD5-45CE-899E-6BCEF578BB9B}.Release|Any CPU.ActiveCfg = Release|Any CPU
		{9322A703-2FD5-45CE-899E-6BCEF578BB9B}.Release|Any CPU.Build.0 = Release|Any CPU
	EndGlobalSection
	GlobalSection(SolutionProperties) = preSolution
		HideSolutionNode = FALSE
	EndGlobalSection
EndGlobal
